{
  "version": 4,
  "terraform_version": "1.3.7",
  "serial": 32,
  "lineage": "17e8d41a-4b8b-7a12-047c-c036ae40a89b",
  "outputs": {},
  "resources": [
    {
      "mode": "managed",
      "type": "iosxe_rest",
      "name": "acl_example_delete",
      "provider": "provider[\"registry.terraform.io/ciscodevnet/iosxe\"]",
      "instances": [
        {
          "schema_version": 0,
          "attributes": {
            "id": "2237437027",
            "method": "DELETE",
            "path": "/data/Cisco-IOS-XE-native:native/ip/access-list/extended=102",
            "payload": "",
            "response": ""
          },
          "sensitive_attributes": [],
          "private": "bnVsbA=="
        }
      ]
    }
  ],
  "check_results": null
}
